
Microsoft Visual Studio Solution File, Format Version 12.00
# Visual Studio 14
VisualStudioVersion = 14.0.23107.0
MinimumVisualStudioVersion = 10.0.40219.1
Project("{FAE04EC0-301F-11D3-BF4B-00C04F79EFBC}") = "Teams", "Teams\Teams.csproj", "{7D5344FA-3CA2-401F-912A-235BB1BFDC3B}"
EndProject
Project("{2150E333-8FDC-42A3-9474-1A3956D46DE8}") = "Solution Items", "Solution Items", "{21150A21-A6F2-4903-B5B5-02D49EF45312}"
	ProjectSection(SolutionItems) = preProject
		README.md = README.md
	EndProjectSection
EndProject
Global
	GlobalSection(SolutionConfigurationPlatforms) = preSolution
		Debug|Any CPU = Debug|Any CPU
		Release|Any CPU = Release|Any CPU
	EndGlobalSection
	GlobalSection(ProjectConfigurationPlatforms) = postSolution
		{7D5344FA-3CA2-401F-912A-235BB1BFDC3B}.Debug|Any CPU.ActiveCfg = Debug|Any CPU
		{7D5344FA-3CA2-401F-912A-235BB1BFDC3B}.Debug|Any CPU.Build.0 = Debug|Any CPU
		{7D5344FA-3CA2-401F-912A-235BB1BFDC3B}.Release|Any CPU.ActiveCfg = Release|Any CPU
		{7D5344FA-3CA2-401F-912A-235BB1BFDC3B}.Release|Any CPU.Build.0 = Release|Any CPU
	EndGlobalSection
	GlobalSection(SolutionProperties) = preSolution
		HideSolutionNode = FALSE
	EndGlobalSection
EndGlobal
